{
  "name": "@travsr.com/travsr",
  "version": "0.11.0",
  "lockfileVersion": 3,
  "requires": true,
  "packages": {
    "": {
      "name": "@travsr.com/travsr",
      "version": "0.11.0",
      "hasInstallScript": true,
      "license": "Apache-2.0",
      "bin": {
        "travsr": "bin/travsr.js"
      },
      "engines": {
        "node": ">=18"
      }
    }
  }
}
