# Auto-generated by update-plugin-hashes.sh — do not edit manually
# Format: crate_name = sha256_of_src_tree

travsr-plugin-host = 6a658474ecda0a78f73d08f543f691039594ffa7a4d50b854577ff21deb9b80c
travsr-plugin-protocol = 8e327cb538f5c449be2e372318d1da5eaf4b98fbe817d0cbe4dd78335de7d850
travsr-plugin-sdk = 794466e05ce77433c24fcb222c1456527563e141326cad53f763768ff634bdf7
