# Auto-generated by update-plugin-hashes.sh — do not edit manually
# Format: crate_name = sha256_of_src_tree

travsr-plugin-host = 34f41eeedc3f6645250a1a1e6de4ed6d4269a15d43c901499099ee20e816bb8c
travsr-plugin-protocol = a6ae1b7e88a6ea1ad5503e06058c6688d15cf29b04f50f526e85d39d00567fad
travsr-plugin-sdk = 794466e05ce77433c24fcb222c1456527563e141326cad53f763768ff634bdf7
