# Auto-generated by update-plugin-hashes.sh — do not edit manually
# Format: crate_name = sha256_of_src_tree

travsr-plugin-host = b4623b624ed0d8de9ad9a86c23be499db5810df29f533a1d2a47f9227eb0f674
travsr-plugin-protocol = e6d4f8a871af6dba25b4c7c3db9f225f640d3ce942868cd38c6a6565607fc397
travsr-plugin-sdk = 794466e05ce77433c24fcb222c1456527563e141326cad53f763768ff634bdf7
